
Microsoft Visual Studio Solution File, Format Version 12.00
# Visual Studio Version 16
VisualStudioVersion = 16.0.31911.196
MinimumVisualStudioVersion = 10.0.40219.1
Project("{9A19103F-16F7-4668-BE54-9A1E7A4F7556}") = "Api", "Api\Api.csproj", "{F4605D5B-9A8D-4632-9C1E-23C2C2F842C4}"
EndProject
Project("{9A19103F-16F7-4668-BE54-9A1E7A4F7556}") = "Domain", "Domain\Domain.csproj", "{089556F3-43B3-4448-9315-003333F1ECC6}"
EndProject
Project("{9A19103F-16F7-4668-BE54-9A1E7A4F7556}") = "Context", "Context\Context.csproj", "{9F74F85C-459F-4BD5-BCDA-9828DE1E292E}"
EndProject
Project("{9A19103F-16F7-4668-BE54-9A1E7A4F7556}") = "Model", "Model\Model.csproj", "{E720C892-861C-4D91-BE39-1596577743C1}"
EndProject
Project("{9A19103F-16F7-4668-BE54-9A1E7A4F7556}") = "IRepository", "IRepository\IRepository.csproj", "{B7D5D86E-61AB-4EE0-BB96-D85BF5FB2059}"
EndProject
Project("{9A19103F-16F7-4668-BE54-9A1E7A4F7556}") = "Repository", "Repository\Repository.csproj", "{7F12FFC0-1A14-49E7-BA24-A2CB96857854}"
EndProject
Project("{9A19103F-16F7-4668-BE54-9A1E7A4F7556}") = "IService", "IService\IService.csproj", "{2467C891-3A5B-4D2F-A01B-7E30AAB04687}"
EndProject
Project("{9A19103F-16F7-4668-BE54-9A1E7A4F7556}") = "Service", "Service\Service.csproj", "{19F82FA1-BCD4-4F34-BAE8-844EBEB673C1}"
EndProject
Project("{FAE04EC0-301F-11D3-BF4B-00C04F79EFBC}") = "Tools", "Tools\Tools.csproj", "{1A2868B4-B608-4182-AC78-E5D319C3D53C}"
EndProject
Global
	GlobalSection(SolutionConfigurationPlatforms) = preSolution
		Debug|Any CPU = Debug|Any CPU
		Release|Any CPU = Release|Any CPU
	EndGlobalSection
	GlobalSection(ProjectConfigurationPlatforms) = postSolution
		{F4605D5B-9A8D-4632-9C1E-23C2C2F842C4}.Debug|Any CPU.ActiveCfg = Debug|Any CPU
		{F4605D5B-9A8D-4632-9C1E-23C2C2F842C4}.Debug|Any CPU.Build.0 = Debug|Any CPU
		{F4605D5B-9A8D-4632-9C1E-23C2C2F842C4}.Release|Any CPU.ActiveCfg = Release|Any CPU
		{F4605D5B-9A8D-4632-9C1E-23C2C2F842C4}.Release|Any CPU.Build.0 = Release|Any CPU
		{089556F3-43B3-4448-9315-003333F1ECC6}.Debug|Any CPU.ActiveCfg = Debug|Any CPU
		{089556F3-43B3-4448-9315-003333F1ECC6}.Debug|Any CPU.Build.0 = Debug|Any CPU
		{089556F3-43B3-4448-9315-003333F1ECC6}.Release|Any CPU.ActiveCfg = Release|Any CPU
		{089556F3-43B3-4448-9315-003333F1ECC6}.Release|Any CPU.Build.0 = Release|Any CPU
		{9F74F85C-459F-4BD5-BCDA-9828DE1E292E}.Debug|Any CPU.ActiveCfg = Debug|Any CPU
		{9F74F85C-459F-4BD5-BCDA-9828DE1E292E}.Debug|Any CPU.Build.0 = Debug|Any CPU
		{9F74F85C-459F-4BD5-BCDA-9828DE1E292E}.Release|Any CPU.ActiveCfg = Release|Any CPU
		{9F74F85C-459F-4BD5-BCDA-9828DE1E292E}.Release|Any CPU.Build.0 = Release|Any CPU
		{E720C892-861C-4D91-BE39-1596577743C1}.Debug|Any CPU.ActiveCfg = Debug|Any CPU
		{E720C892-861C-4D91-BE39-1596577743C1}.Debug|Any CPU.Build.0 = Debug|Any CPU
		{E720C892-861C-4D91-BE39-1596577743C1}.Release|Any CPU.ActiveCfg = Release|Any CPU
		{E720C892-861C-4D91-BE39-1596577743C1}.Release|Any CPU.Build.0 = Release|Any CPU
		{B7D5D86E-61AB-4EE0-BB96-D85BF5FB2059}.Debug|Any CPU.ActiveCfg = Debug|Any CPU
		{B7D5D86E-61AB-4EE0-BB96-D85BF5FB2059}.Debug|Any CPU.Build.0 = Debug|Any CPU
		{B7D5D86E-61AB-4EE0-BB96-D85BF5FB2059}.Release|Any CPU.ActiveCfg = Release|Any CPU
		{B7D5D86E-61AB-4EE0-BB96-D85BF5FB2059}.Release|Any CPU.Build.0 = Release|Any CPU
		{7F12FFC0-1A14-49E7-BA24-A2CB96857854}.Debug|Any CPU.ActiveCfg = Debug|Any CPU
		{7F12FFC0-1A14-49E7-BA24-A2CB96857854}.Debug|Any CPU.Build.0 = Debug|Any CPU
		{7F12FFC0-1A14-49E7-BA24-A2CB96857854}.Release|Any CPU.ActiveCfg = Release|Any CPU
		{7F12FFC0-1A14-49E7-BA24-A2CB96857854}.Release|Any CPU.Build.0 = Release|Any CPU
		{2467C891-3A5B-4D2F-A01B-7E30AAB04687}.Debug|Any CPU.ActiveCfg = Debug|Any CPU
		{2467C891-3A5B-4D2F-A01B-7E30AAB04687}.Debug|Any CPU.Build.0 = Debug|Any CPU
		{2467C891-3A5B-4D2F-A01B-7E30AAB04687}.Release|Any CPU.ActiveCfg = Release|Any CPU
		{2467C891-3A5B-4D2F-A01B-7E30AAB04687}.Release|Any CPU.Build.0 = Release|Any CPU
		{19F82FA1-BCD4-4F34-BAE8-844EBEB673C1}.Debug|Any CPU.ActiveCfg = Debug|Any CPU
		{19F82FA1-BCD4-4F34-BAE8-844EBEB673C1}.Debug|Any CPU.Build.0 = Debug|Any CPU
		{19F82FA1-BCD4-4F34-BAE8-844EBEB673C1}.Release|Any CPU.ActiveCfg = Release|Any CPU
		{19F82FA1-BCD4-4F34-BAE8-844EBEB673C1}.Release|Any CPU.Build.0 = Release|Any CPU
		{1A2868B4-B608-4182-AC78-E5D319C3D53C}.Debug|Any CPU.ActiveCfg = Debug|Any CPU
		{1A2868B4-B608-4182-AC78-E5D319C3D53C}.Debug|Any CPU.Build.0 = Debug|Any CPU
		{1A2868B4-B608-4182-AC78-E5D319C3D53C}.Release|Any CPU.ActiveCfg = Release|Any CPU
		{1A2868B4-B608-4182-AC78-E5D319C3D53C}.Release|Any CPU.Build.0 = Release|Any CPU
	EndGlobalSection
	GlobalSection(SolutionProperties) = preSolution
		HideSolutionNode = FALSE
	EndGlobalSection
	GlobalSection(ExtensibilityGlobals) = postSolution
		SolutionGuid = {F0FAD295-CA27-4C36-98BD-78A264AF924E}
	EndGlobalSection
EndGlobal
