
Microsoft Visual Studio Solution File, Format Version 12.00
# Visual Studio Version 16
VisualStudioVersion = 16.0.31911.196
MinimumVisualStudioVersion = 10.0.40219.1
Project("{9A19103F-16F7-4668-BE54-9A1E7A4F7556}") = "Api", "Api\Api.csproj", "{F4605D5B-9A8D-4632-9C1E-23C2C2F842C4}"
EndProject
Project("{9A19103F-16F7-4668-BE54-9A1E7A4F7556}") = "Domain", "Domain\Domain.csproj", "{089556F3-43B3-4448-9315-003333F1ECC6}"
EndProject
Project("{FAE04EC0-301F-11D3-BF4B-00C04F79EFBC}") = "Context", "Context\Context.csproj", "{9F74F85C-459F-4BD5-BCDA-9828DE1E292E}"
EndProject
Global
	GlobalSection(SolutionConfigurationPlatforms) = preSolution
		Debug|Any CPU = Debug|Any CPU
		Release|Any CPU = Release|Any CPU
	EndGlobalSection
	GlobalSection(ProjectConfigurationPlatforms) = postSolution
		{F4605D5B-9A8D-4632-9C1E-23C2C2F842C4}.Debug|Any CPU.ActiveCfg = Debug|Any CPU
		{F4605D5B-9A8D-4632-9C1E-23C2C2F842C4}.Debug|Any CPU.Build.0 = Debug|Any CPU
		{F4605D5B-9A8D-4632-9C1E-23C2C2F842C4}.Release|Any CPU.ActiveCfg = Release|Any CPU
		{F4605D5B-9A8D-4632-9C1E-23C2C2F842C4}.Release|Any CPU.Build.0 = Release|Any CPU
		{089556F3-43B3-4448-9315-003333F1ECC6}.Debug|Any CPU.ActiveCfg = Debug|Any CPU
		{089556F3-43B3-4448-9315-003333F1ECC6}.Debug|Any CPU.Build.0 = Debug|Any CPU
		{089556F3-43B3-4448-9315-003333F1ECC6}.Release|Any CPU.ActiveCfg = Release|Any CPU
		{089556F3-43B3-4448-9315-003333F1ECC6}.Release|Any CPU.Build.0 = Release|Any CPU
		{9F74F85C-459F-4BD5-BCDA-9828DE1E292E}.Debug|Any CPU.ActiveCfg = Debug|Any CPU
		{9F74F85C-459F-4BD5-BCDA-9828DE1E292E}.Debug|Any CPU.Build.0 = Debug|Any CPU
		{9F74F85C-459F-4BD5-BCDA-9828DE1E292E}.Release|Any CPU.ActiveCfg = Release|Any CPU
		{9F74F85C-459F-4BD5-BCDA-9828DE1E292E}.Release|Any CPU.Build.0 = Release|Any CPU
	EndGlobalSection
	GlobalSection(SolutionProperties) = preSolution
		HideSolutionNode = FALSE
	EndGlobalSection
	GlobalSection(ExtensibilityGlobals) = postSolution
		SolutionGuid = {F0FAD295-CA27-4C36-98BD-78A264AF924E}
	EndGlobalSection
EndGlobal
